
Microsoft Visual Studio Solution File, Format Version 12.00
# Visual Studio Version 17
VisualStudioVersion = 17.14.36221.1
MinimumVisualStudioVersion = 10.0.40219.1
Project("{FAE04EC0-301F-11D3-BF4B-00C04F79EFBC}") = "MBS-Gatewaykonfigurator", "MBS-Gatewaykonfigurator\MBS-Gatewaykonfigurator.csproj", "{8F53A3E4-BD07-90B0-65D1-8C7B41A5E55E}"
EndProject
Global
	GlobalSection(SolutionConfigurationPlatforms) = preSolution
		Debug|Any CPU = Debug|Any CPU
		Release|Any CPU = Release|Any CPU
	EndGlobalSection
	GlobalSection(ProjectConfigurationPlatforms) = postSolution
		{8F53A3E4-BD07-90B0-65D1-8C7B41A5E55E}.Debug|Any CPU.ActiveCfg = Debug|Any CPU
		{8F53A3E4-BD07-90B0-65D1-8C7B41A5E55E}.Debug|Any CPU.Build.0 = Debug|Any CPU
		{8F53A3E4-BD07-90B0-65D1-8C7B41A5E55E}.Debug|Any CPU.Deploy.0 = Debug|Any CPU
		{8F53A3E4-BD07-90B0-65D1-8C7B41A5E55E}.Release|Any CPU.ActiveCfg = Release|Any CPU
		{8F53A3E4-BD07-90B0-65D1-8C7B41A5E55E}.Release|Any CPU.Build.0 = Release|Any CPU
		{8F53A3E4-BD07-90B0-65D1-8C7B41A5E55E}.Release|Any CPU.Deploy.0 = Release|Any CPU
	EndGlobalSection
	GlobalSection(SolutionProperties) = preSolution
		HideSolutionNode = FALSE
	EndGlobalSection
	GlobalSection(ExtensibilityGlobals) = postSolution
		SolutionGuid = {B628A21A-01FD-40FF-98D4-EC7CBFF77E1F}
	EndGlobalSection
EndGlobal
